
Microsoft Visual Studio Solution File, Format Version 12.00
# Visual Studio 15
VisualStudioVersion = 15.0.27130.2027
MinimumVisualStudioVersion = 10.0.40219.1
Project("{9A19103F-16F7-4668-BE54-9A1E7A4F7556}") = "HousesAPI", "HousesAPI\HousesAPI.csproj", "{0A179671-13DB-4D4F-A8AF-58195672DE3A}"
EndProject
Project("{9A19103F-16F7-4668-BE54-9A1E7A4F7556}") = "MySQLEntityTest", "MySQLEntityTest\MySQLEntityTest.csproj", "{6496597E-DD14-4630-BF3D-25F561B0ECF7}"
EndProject
Project("{9A19103F-16F7-4668-BE54-9A1E7A4F7556}") = "ProjectStableLibrary", "ProjectStableLibrary\ProjectStableLibrary.csproj", "{8766DFC8-A088-45E1-BE65-E39DF9A4EF15}"
EndProject
Project("{9A19103F-16F7-4668-BE54-9A1E7A4F7556}") = "StableAPIHandler", "StableAPIHandler\StableAPIHandler.csproj", "{3B868BC1-64BC-4E4B-821A-DE368B0CA515}"
EndProject
Project("{9A19103F-16F7-4668-BE54-9A1E7A4F7556}") = "ConsoleTools", "ConsoleTools\ConsoleTools.csproj", "{DE581B97-CD6C-4509-B58F-5580BC16D193}"
EndProject
Project("{9A19103F-16F7-4668-BE54-9A1E7A4F7556}") = "StableAPIHandler Tests", "StableAPIHandler Tests\StableAPIHandler Tests.csproj", "{20E1F874-A886-4EB5-9353-9B2F1DF598A1}"
EndProject
Project("{9A19103F-16F7-4668-BE54-9A1E7A4F7556}") = "DynamoDBEntityTest", "DynamoDBEntityTest\DynamoDBEntityTest.csproj", "{1CF6E955-7140-4D71-8843-1640E5938664}"
EndProject
Project("{9A19103F-16F7-4668-BE54-9A1E7A4F7556}") = "AWSServerless2", "AWSServerless2\AWSServerless2.csproj", "{B2C86329-B47E-47AA-8B28-634C98F34538}"
EndProject
Global
	GlobalSection(SolutionConfigurationPlatforms) = preSolution
		Debug|Any CPU = Debug|Any CPU
		Debug|x64 = Debug|x64
		Debug|x86 = Debug|x86
		Release|Any CPU = Release|Any CPU
		Release|x64 = Release|x64
		Release|x86 = Release|x86
	EndGlobalSection
	GlobalSection(ProjectConfigurationPlatforms) = postSolution
		{0A179671-13DB-4D4F-A8AF-58195672DE3A}.Debug|Any CPU.ActiveCfg = Debug|Any CPU
		{0A179671-13DB-4D4F-A8AF-58195672DE3A}.Debug|Any CPU.Build.0 = Debug|Any CPU
		{0A179671-13DB-4D4F-A8AF-58195672DE3A}.Debug|x64.ActiveCfg = Debug|Any CPU
		{0A179671-13DB-4D4F-A8AF-58195672DE3A}.Debug|x64.Build.0 = Debug|Any CPU
		{0A179671-13DB-4D4F-A8AF-58195672DE3A}.Debug|x86.ActiveCfg = Debug|Any CPU
		{0A179671-13DB-4D4F-A8AF-58195672DE3A}.Debug|x86.Build.0 = Debug|Any CPU
		{0A179671-13DB-4D4F-A8AF-58195672DE3A}.Release|Any CPU.ActiveCfg = Release|Any CPU
		{0A179671-13DB-4D4F-A8AF-58195672DE3A}.Release|Any CPU.Build.0 = Release|Any CPU
		{0A179671-13DB-4D4F-A8AF-58195672DE3A}.Release|x64.ActiveCfg = Release|Any CPU
		{0A179671-13DB-4D4F-A8AF-58195672DE3A}.Release|x64.Build.0 = Release|Any CPU
		{0A179671-13DB-4D4F-A8AF-58195672DE3A}.Release|x86.ActiveCfg = Release|Any CPU
		{0A179671-13DB-4D4F-A8AF-58195672DE3A}.Release|x86.Build.0 = Release|Any CPU
		{6496597E-DD14-4630-BF3D-25F561B0ECF7}.Debug|Any CPU.ActiveCfg = Debug|Any CPU
		{6496597E-DD14-4630-BF3D-25F561B0ECF7}.Debug|Any CPU.Build.0 = Debug|Any CPU
		{6496597E-DD14-4630-BF3D-25F561B0ECF7}.Debug|x64.ActiveCfg = Debug|Any CPU
		{6496597E-DD14-4630-BF3D-25F561B0ECF7}.Debug|x64.Build.0 = Debug|Any CPU
		{6496597E-DD14-4630-BF3D-25F561B0ECF7}.Debug|x86.ActiveCfg = Debug|Any CPU
		{6496597E-DD14-4630-BF3D-25F561B0ECF7}.Debug|x86.Build.0 = Debug|Any CPU
		{6496597E-DD14-4630-BF3D-25F561B0ECF7}.Release|Any CPU.ActiveCfg = Release|Any CPU
		{6496597E-DD14-4630-BF3D-25F561B0ECF7}.Release|Any CPU.Build.0 = Release|Any CPU
		{6496597E-DD14-4630-BF3D-25F561B0ECF7}.Release|x64.ActiveCfg = Release|Any CPU
		{6496597E-DD14-4630-BF3D-25F561B0ECF7}.Release|x64.Build.0 = Release|Any CPU
		{6496597E-DD14-4630-BF3D-25F561B0ECF7}.Release|x86.ActiveCfg = Release|Any CPU
		{6496597E-DD14-4630-BF3D-25F561B0ECF7}.Release|x86.Build.0 = Release|Any CPU
		{8766DFC8-A088-45E1-BE65-E39DF9A4EF15}.Debug|Any CPU.ActiveCfg = Debug|Any CPU
		{8766DFC8-A088-45E1-BE65-E39DF9A4EF15}.Debug|Any CPU.Build.0 = Debug|Any CPU
		{8766DFC8-A088-45E1-BE65-E39DF9A4EF15}.Debug|x64.ActiveCfg = Debug|Any CPU
		{8766DFC8-A088-45E1-BE65-E39DF9A4EF15}.Debug|x64.Build.0 = Debug|Any CPU
		{8766DFC8-A088-45E1-BE65-E39DF9A4EF15}.Debug|x86.ActiveCfg = Debug|Any CPU
		{8766DFC8-A088-45E1-BE65-E39DF9A4EF15}.Debug|x86.Build.0 = Debug|Any CPU
		{8766DFC8-A088-45E1-BE65-E39DF9A4EF15}.Release|Any CPU.ActiveCfg = Release|Any CPU
		{8766DFC8-A088-45E1-BE65-E39DF9A4EF15}.Release|Any CPU.Build.0 = Release|Any CPU
		{8766DFC8-A088-45E1-BE65-E39DF9A4EF15}.Release|x64.ActiveCfg = Release|Any CPU
		{8766DFC8-A088-45E1-BE65-E39DF9A4EF15}.Release|x64.Build.0 = Release|Any CPU
		{8766DFC8-A088-45E1-BE65-E39DF9A4EF15}.Release|x86.ActiveCfg = Release|Any CPU
		{8766DFC8-A088-45E1-BE65-E39DF9A4EF15}.Release|x86.Build.0 = Release|Any CPU
		{3B868BC1-64BC-4E4B-821A-DE368B0CA515}.Debug|Any CPU.ActiveCfg = Debug|Any CPU
		{3B868BC1-64BC-4E4B-821A-DE368B0CA515}.Debug|Any CPU.Build.0 = Debug|Any CPU
		{3B868BC1-64BC-4E4B-821A-DE368B0CA515}.Debug|x64.ActiveCfg = Debug|Any CPU
		{3B868BC1-64BC-4E4B-821A-DE368B0CA515}.Debug|x64.Build.0 = Debug|Any CPU
		{3B868BC1-64BC-4E4B-821A-DE368B0CA515}.Debug|x86.ActiveCfg = Debug|Any CPU
		{3B868BC1-64BC-4E4B-821A-DE368B0CA515}.Debug|x86.Build.0 = Debug|Any CPU
		{3B868BC1-64BC-4E4B-821A-DE368B0CA515}.Release|Any CPU.ActiveCfg = Release|Any CPU
		{3B868BC1-64BC-4E4B-821A-DE368B0CA515}.Release|Any CPU.Build.0 = Release|Any CPU
		{3B868BC1-64BC-4E4B-821A-DE368B0CA515}.Release|x64.ActiveCfg = Release|Any CPU
		{3B868BC1-64BC-4E4B-821A-DE368B0CA515}.Release|x64.Build.0 = Release|Any CPU
		{3B868BC1-64BC-4E4B-821A-DE368B0CA515}.Release|x86.ActiveCfg = Release|Any CPU
		{3B868BC1-64BC-4E4B-821A-DE368B0CA515}.Release|x86.Build.0 = Release|Any CPU
		{DE581B97-CD6C-4509-B58F-5580BC16D193}.Debug|Any CPU.ActiveCfg = Debug|Any CPU
		{DE581B97-CD6C-4509-B58F-5580BC16D193}.Debug|Any CPU.Build.0 = Debug|Any CPU
		{DE581B97-CD6C-4509-B58F-5580BC16D193}.Debug|x64.ActiveCfg = Debug|Any CPU
		{DE581B97-CD6C-4509-B58F-5580BC16D193}.Debug|x64.Build.0 = Debug|Any CPU
		{DE581B97-CD6C-4509-B58F-5580BC16D193}.Debug|x86.ActiveCfg = Debug|Any CPU
		{DE581B97-CD6C-4509-B58F-5580BC16D193}.Debug|x86.Build.0 = Debug|Any CPU
		{DE581B97-CD6C-4509-B58F-5580BC16D193}.Release|Any CPU.ActiveCfg = Release|Any CPU
		{DE581B97-CD6C-4509-B58F-5580BC16D193}.Release|Any CPU.Build.0 = Release|Any CPU
		{DE581B97-CD6C-4509-B58F-5580BC16D193}.Release|x64.ActiveCfg = Release|Any CPU
		{DE581B97-CD6C-4509-B58F-5580BC16D193}.Release|x64.Build.0 = Release|Any CPU
		{DE581B97-CD6C-4509-B58F-5580BC16D193}.Release|x86.ActiveCfg = Release|Any CPU
		{DE581B97-CD6C-4509-B58F-5580BC16D193}.Release|x86.Build.0 = Release|Any CPU
		{20E1F874-A886-4EB5-9353-9B2F1DF598A1}.Debug|Any CPU.ActiveCfg = Debug|Any CPU
		{20E1F874-A886-4EB5-9353-9B2F1DF598A1}.Debug|Any CPU.Build.0 = Debug|Any CPU
		{20E1F874-A886-4EB5-9353-9B2F1DF598A1}.Debug|x64.ActiveCfg = Debug|Any CPU
		{20E1F874-A886-4EB5-9353-9B2F1DF598A1}.Debug|x64.Build.0 = Debug|Any CPU
		{20E1F874-A886-4EB5-9353-9B2F1DF598A1}.Debug|x86.ActiveCfg = Debug|Any CPU
		{20E1F874-A886-4EB5-9353-9B2F1DF598A1}.Debug|x86.Build.0 = Debug|Any CPU
		{20E1F874-A886-4EB5-9353-9B2F1DF598A1}.Release|Any CPU.ActiveCfg = Release|Any CPU
		{20E1F874-A886-4EB5-9353-9B2F1DF598A1}.Release|Any CPU.Build.0 = Release|Any CPU
		{20E1F874-A886-4EB5-9353-9B2F1DF598A1}.Release|x64.ActiveCfg = Release|Any CPU
		{20E1F874-A886-4EB5-9353-9B2F1DF598A1}.Release|x64.Build.0 = Release|Any CPU
		{20E1F874-A886-4EB5-9353-9B2F1DF598A1}.Release|x86.ActiveCfg = Release|Any CPU
		{20E1F874-A886-4EB5-9353-9B2F1DF598A1}.Release|x86.Build.0 = Release|Any CPU
		{1CF6E955-7140-4D71-8843-1640E5938664}.Debug|Any CPU.ActiveCfg = Debug|Any CPU
		{1CF6E955-7140-4D71-8843-1640E5938664}.Debug|Any CPU.Build.0 = Debug|Any CPU
		{1CF6E955-7140-4D71-8843-1640E5938664}.Debug|x64.ActiveCfg = Debug|Any CPU
		{1CF6E955-7140-4D71-8843-1640E5938664}.Debug|x64.Build.0 = Debug|Any CPU
		{1CF6E955-7140-4D71-8843-1640E5938664}.Debug|x86.ActiveCfg = Debug|Any CPU
		{1CF6E955-7140-4D71-8843-1640E5938664}.Debug|x86.Build.0 = Debug|Any CPU
		{1CF6E955-7140-4D71-8843-1640E5938664}.Release|Any CPU.ActiveCfg = Release|Any CPU
		{1CF6E955-7140-4D71-8843-1640E5938664}.Release|Any CPU.Build.0 = Release|Any CPU
		{1CF6E955-7140-4D71-8843-1640E5938664}.Release|x64.ActiveCfg = Release|Any CPU
		{1CF6E955-7140-4D71-8843-1640E5938664}.Release|x64.Build.0 = Release|Any CPU
		{1CF6E955-7140-4D71-8843-1640E5938664}.Release|x86.ActiveCfg = Release|Any CPU
		{1CF6E955-7140-4D71-8843-1640E5938664}.Release|x86.Build.0 = Release|Any CPU
		{B2C86329-B47E-47AA-8B28-634C98F34538}.Debug|Any CPU.ActiveCfg = Debug|Any CPU
		{B2C86329-B47E-47AA-8B28-634C98F34538}.Debug|Any CPU.Build.0 = Debug|Any CPU
		{B2C86329-B47E-47AA-8B28-634C98F34538}.Debug|x64.ActiveCfg = Debug|Any CPU
		{B2C86329-B47E-47AA-8B28-634C98F34538}.Debug|x64.Build.0 = Debug|Any CPU
		{B2C86329-B47E-47AA-8B28-634C98F34538}.Debug|x86.ActiveCfg = Debug|Any CPU
		{B2C86329-B47E-47AA-8B28-634C98F34538}.Debug|x86.Build.0 = Debug|Any CPU
		{B2C86329-B47E-47AA-8B28-634C98F34538}.Release|Any CPU.ActiveCfg = Release|Any CPU
		{B2C86329-B47E-47AA-8B28-634C98F34538}.Release|Any CPU.Build.0 = Release|Any CPU
		{B2C86329-B47E-47AA-8B28-634C98F34538}.Release|x64.ActiveCfg = Release|Any CPU
		{B2C86329-B47E-47AA-8B28-634C98F34538}.Release|x64.Build.0 = Release|Any CPU
		{B2C86329-B47E-47AA-8B28-634C98F34538}.Release|x86.ActiveCfg = Release|Any CPU
		{B2C86329-B47E-47AA-8B28-634C98F34538}.Release|x86.Build.0 = Release|Any CPU
	EndGlobalSection
	GlobalSection(SolutionProperties) = preSolution
		HideSolutionNode = FALSE
	EndGlobalSection
	GlobalSection(ExtensibilityGlobals) = postSolution
		SolutionGuid = {E206D5C0-C0A9-4CA6-A2D8-87468230B6B4}
	EndGlobalSection
EndGlobal
